
Microsoft Visual Studio Solution File, Format Version 12.00
# Visual Studio Version 17
VisualStudioVersion = 17.10.35013.160
MinimumVisualStudioVersion = 10.0.40219.1
Project("{9A19103F-16F7-4668-BE54-9A1E7A4F7556}") = "HackerNews", "HackerNews\HackerNews.csproj", "{C6FDD811-EE77-4F7E-B542-0A542274C17F}"
EndProject
Global
	GlobalSection(SolutionConfigurationPlatforms) = preSolution
		Debug|Any CPU = Debug|Any CPU
		Release|Any CPU = Release|Any CPU
	EndGlobalSection
	GlobalSection(ProjectConfigurationPlatforms) = postSolution
		{C6FDD811-EE77-4F7E-B542-0A542274C17F}.Debug|Any CPU.ActiveCfg = Debug|Any CPU
		{C6FDD811-EE77-4F7E-B542-0A542274C17F}.Debug|Any CPU.Build.0 = Debug|Any CPU
		{C6FDD811-EE77-4F7E-B542-0A542274C17F}.Release|Any CPU.ActiveCfg = Release|Any CPU
		{C6FDD811-EE77-4F7E-B542-0A542274C17F}.Release|Any CPU.Build.0 = Release|Any CPU
	EndGlobalSection
	GlobalSection(SolutionProperties) = preSolution
		HideSolutionNode = FALSE
	EndGlobalSection
	GlobalSection(ExtensibilityGlobals) = postSolution
		SolutionGuid = {5EB37A36-A71B-4189-B763-F150B0EC8B93}
	EndGlobalSection
EndGlobal
